Microsoft Visual Studio Solution File, Format Version 12.00
# Visual Studio Version 17
VisualStudioVersion = 17.5.2.0
MinimumVisualStudioVersion = 10.0.40219.1
Project("{FAE04EC0-301F-11D3-BF4B-00C04F79EFBC}") = "leap-year", "leap-year.csproj", "{72F44DF4-EC7F-F4C8-F7D9-3B2F550739EB}"
EndProject
Global
	GlobalSection(SolutionConfigurationPlatforms) = preSolution
		Debug|Any CPU = Debug|Any CPU
		Release|Any CPU = Release|Any CPU
	EndGlobalSection
	GlobalSection(ProjectConfigurationPlatforms) = postSolution
		{72F44DF4-EC7F-F4C8-F7D9-3B2F550739EB}.Debug|Any CPU.ActiveCfg = Debug|Any CPU
		{72F44DF4-EC7F-F4C8-F7D9-3B2F550739EB}.Debug|Any CPU.Build.0 = Debug|Any CPU
		{72F44DF4-EC7F-F4C8-F7D9-3B2F550739EB}.Release|Any CPU.ActiveCfg = Release|Any CPU
		{72F44DF4-EC7F-F4C8-F7D9-3B2F550739EB}.Release|Any CPU.Build.0 = Release|Any CPU
	EndGlobalSection
	GlobalSection(SolutionProperties) = preSolution
		HideSolutionNode = FALSE
	EndGlobalSection
	GlobalSection(ExtensibilityGlobals) = postSolution
		SolutionGuid = {2F1E9161-AED7-43AB-B78E-B010A5BE00E3}
	EndGlobalSection
EndGlobal
